<?xml version="1.0" encoding="utf-8"?>
<Project ToolsVersion="17.0" xmlns="http://schemas.microsoft.com/developer/msbuild/2003">
  <ItemGroup>
    <CustomBuild Include="F:\qobj\droid\DIII4A\Q3E\src\main\jni\gzdoom\tools\re2c\CMakeFiles\6f15d45a98b40ff6d1e7307093bf1207\generate.stamp.rule">
      <Filter>CMake Rules</Filter>
    </CustomBuild>
  </ItemGroup>
  <ItemGroup>
    <Filter Include="CMake Rules">
      <UniqueIdentifier>{E8A81A2A-B9A5-3ED9-B108-0B94F8A4FE61}</UniqueIdentifier>
    </Filter>
  </ItemGroup>
</Project>
