<?xml version="1.0" encoding="utf-8"?>
<Project ToolsVersion="17.0" xmlns="http://schemas.microsoft.com/developer/msbuild/2003">
  <ItemGroup>
    <CustomBuild Include="F:\qobj\droid\DIII4A\Q3E\src\main\jni\gzdoom\tools\lemon\CMakeFiles\8fa3fc84572dbcaf86bafebeae006967\generate.stamp.rule">
      <Filter>CMake Rules</Filter>
    </CustomBuild>
  </ItemGroup>
  <ItemGroup>
    <Filter Include="CMake Rules">
      <UniqueIdentifier>{1CB3BC92-1323-3DB6-805B-EB7AB797EAA3}</UniqueIdentifier>
    </Filter>
  </ItemGroup>
</Project>
